
Microsoft Visual Studio Solution File, Format Version 12.00
# Visual Studio Version 17
VisualStudioVersion = 17.0.31903.59
MinimumVisualStudioVersion = 10.0.40219.1
Project("{2150E333-8FDC-42A3-9474-1A3956D46DE8}") = "src", "src", "{A0B78D40-BF76-427E-949B-84EB6AAD81E1}"
EndProject
Project("{FAE04EC0-301F-11D3-BF4B-00C04F79EFBC}") = "ReleaseSync.Console", "src\ReleaseSync.Console\ReleaseSync.Console.csproj", "{555CA241-E3F5-4B2E-BF89-0A5C23C2DD1E}"
EndProject
Project("{2150E333-8FDC-42A3-9474-1A3956D46DE8}") = "tests", "tests", "{12DA53DF-71DB-4932-A1E1-857AF436E352}"
EndProject
Project("{FAE04EC0-301F-11D3-BF4B-00C04F79EFBC}") = "ReleaseSync.Console.UnitTests", "tests\ReleaseSync.Console.UnitTests\ReleaseSync.Console.UnitTests.csproj", "{F30F8AE8-049F-443A-9031-0174FF8DA59D}"
EndProject
Global
	GlobalSection(SolutionConfigurationPlatforms) = preSolution
		Debug|Any CPU = Debug|Any CPU
		Release|Any CPU = Release|Any CPU
	EndGlobalSection
	GlobalSection(SolutionProperties) = preSolution
		HideSolutionNode = FALSE
	EndGlobalSection
	GlobalSection(ProjectConfigurationPlatforms) = postSolution
		{555CA241-E3F5-4B2E-BF89-0A5C23C2DD1E}.Debug|Any CPU.ActiveCfg = Debug|Any CPU
		{555CA241-E3F5-4B2E-BF89-0A5C23C2DD1E}.Debug|Any CPU.Build.0 = Debug|Any CPU
		{555CA241-E3F5-4B2E-BF89-0A5C23C2DD1E}.Release|Any CPU.ActiveCfg = Release|Any CPU
		{555CA241-E3F5-4B2E-BF89-0A5C23C2DD1E}.Release|Any CPU.Build.0 = Release|Any CPU
		{F30F8AE8-049F-443A-9031-0174FF8DA59D}.Debug|Any CPU.ActiveCfg = Debug|Any CPU
		{F30F8AE8-049F-443A-9031-0174FF8DA59D}.Debug|Any CPU.Build.0 = Debug|Any CPU
		{F30F8AE8-049F-443A-9031-0174FF8DA59D}.Release|Any CPU.ActiveCfg = Release|Any CPU
		{F30F8AE8-049F-443A-9031-0174FF8DA59D}.Release|Any CPU.Build.0 = Release|Any CPU
	EndGlobalSection
	GlobalSection(NestedProjects) = preSolution
		{555CA241-E3F5-4B2E-BF89-0A5C23C2DD1E} = {A0B78D40-BF76-427E-949B-84EB6AAD81E1}
		{F30F8AE8-049F-443A-9031-0174FF8DA59D} = {12DA53DF-71DB-4932-A1E1-857AF436E352}
	EndGlobalSection
EndGlobal
